// !$*UTF8*$!
{
	archiveVersion = 1;
	classes = {
	};
	objectVersion = 50;
	objects = {

/* Begin PBXBuildFile section */
		738A5D7024BD99B200F140AB /* 最强特种兵王.txt in Resources */ = {isa = PBXBuildFile; fileRef = 738A5D6E24BD99B200F140AB /* 最强特种兵王.txt */; };
		738A5D7124BD99B200F140AB /* 黑道特种兵 2.txt in Resources */ = {isa = PBXBuildFile; fileRef = 738A5D6F24BD99B200F140AB /* 黑道特种兵 2.txt */; };
		73D4AABD24BF1A2A00990F2A /* 上导航栏-背景@2x.png in Resources */ = {isa = PBXBuildFile; fileRef = 73D4AABC24BF1A2A00990F2A /* 上导航栏-背景@2x.png */; };
		73DF3ED3248FABE800A6A032 /* AppDelegate.swift in Sources */ = {isa = PBXBuildFile; fileRef = 73DF3ED2248FABE800A6A032 /* AppDelegate.swift */; };
		73DF3ED5248FABE800A6A032 /* SceneDelegate.swift in Sources */ = {isa = PBXBuildFile; fileRef = 73DF3ED4248FABE800A6A032 /* SceneDelegate.swift */; };
		73DF3ED7248FABE800A6A032 /* ViewController.swift in Sources */ = {isa = PBXBuildFile; fileRef = 73DF3ED6248FABE800A6A032 /* ViewController.swift */; };
		73DF3EDA248FABE800A6A032 /* Main.storyboard in Resources */ = {isa = PBXBuildFile; fileRef = 73DF3ED8248FABE800A6A032 /* Main.storyboard */; };
		73DF3EDC248FABEE00A6A032 /* Assets.xcassets in Resources */ = {isa = PBXBuildFile; fileRef = 73DF3EDB248FABEE00A6A032 /* Assets.xcassets */; };
		73DF3EDF248FABEE00A6A032 /* LaunchScreen.storyboard in Resources */ = {isa = PBXBuildFile; fileRef = 73DF3EDD248FABEE00A6A032 /* LaunchScreen.storyboard */; };
		EF558FA224C87831002F43ED /* 字体-白-大@2x.png in Resources */ = {isa = PBXBuildFile; fileRef = EF558F8924C87831002F43ED /* 字体-白-大@2x.png */; };
		EF558FA324C87831002F43ED /* slider-黑@2x.png in Resources */ = {isa = PBXBuildFile; fileRef = EF558F8A24C87831002F43ED /* slider-黑@2x.png */; };
		EF558FA424C87831002F43ED /* slider-白@2x.png in Resources */ = {isa = PBXBuildFile; fileRef = EF558F8B24C87831002F43ED /* slider-白@2x.png */; };
		EF558FA524C87831002F43ED /* 字体-白-小@2x.png in Resources */ = {isa = PBXBuildFile; fileRef = EF558F8C24C87831002F43ED /* 字体-白-小@2x.png */; };
		EF558FA624C87831002F43ED /* 字体 (1).png in Resources */ = {isa = PBXBuildFile; fileRef = EF558F8D24C87831002F43ED /* 字体 (1).png */; };
		EF558FA724C87831002F43ED /* 右箭头-白@2x.png in Resources */ = {isa = PBXBuildFile; fileRef = EF558F8E24C87831002F43ED /* 右箭头-白@2x.png */; };
		EF558FA824C87831002F43ED /* 右箭头-黑@2x.png in Resources */ = {isa = PBXBuildFile; fileRef = EF558F8F24C87831002F43ED /* 右箭头-黑@2x.png */; };
		EF558FA924C87831002F43ED /* 左箭头-黑@2x.png in Resources */ = {isa = PBXBuildFile; fileRef = EF558F9024C87831002F43ED /* 左箭头-黑@2x.png */; };
		EF558FAA24C87831002F43ED /* 左箭头-白@2x.png in Resources */ = {isa = PBXBuildFile; fileRef = EF558F9124C87831002F43ED /* 左箭头-白@2x.png */; };
		EF558FAB24C87831002F43ED /* 字体-黑-小@2x.png in Resources */ = {isa = PBXBuildFile; fileRef = EF558F9224C87831002F43ED /* 字体-黑-小@2x.png */; };
		EF558FAC24C87831002F43ED /* 目录-白@2x.png in Resources */ = {isa = PBXBuildFile; fileRef = EF558F9324C87831002F43ED /* 目录-白@2x.png */; };
		EF558FAD24C87831002F43ED /* 目录-黑@2x.png in Resources */ = {isa = PBXBuildFile; fileRef = EF558F9424C87831002F43ED /* 目录-黑@2x.png */; };
		EF558FAE24C87831002F43ED /* 亮度-白@2x.png in Resources */ = {isa = PBXBuildFile; fileRef = EF558F9524C87831002F43ED /* 亮度-白@2x.png */; };
		EF558FAF24C87831002F43ED /* 亮度-黑@2x.png in Resources */ = {isa = PBXBuildFile; fileRef = EF558F9624C87831002F43ED /* 亮度-黑@2x.png */; };
		EF558FB024C87831002F43ED /* 字体-黑-大@2x.png in Resources */ = {isa = PBXBuildFile; fileRef = EF558F9724C87831002F43ED /* 字体-黑-大@2x.png */; };
		EF558FB124C87831002F43ED /* CDReaderViewController.swift in Sources */ = {isa = PBXBuildFile; fileRef = EF558F9924C87831002F43ED /* CDReaderViewController.swift */; };
		EF558FB224C87831002F43ED /* CDReaderPageViewController.swift in Sources */ = {isa = PBXBuildFile; fileRef = EF558F9A24C87831002F43ED /* CDReaderPageViewController.swift */; };
		EF558FB324C87831002F43ED /* CDReaderToolBar.swift in Sources */ = {isa = PBXBuildFile; fileRef = EF558F9B24C87831002F43ED /* CDReaderToolBar.swift */; };
		EF558FB424C87831002F43ED /* CDChapterViewController.swift in Sources */ = {isa = PBXBuildFile; fileRef = EF558F9C24C87831002F43ED /* CDChapterViewController.swift */; };
		EF558FB524C87831002F43ED /* CDReaderBean.swift in Sources */ = {isa = PBXBuildFile; fileRef = EF558F9E24C87831002F43ED /* CDReaderBean.swift */; };
		EF558FB824C87831002F43ED /* CDReaderManager.swift in Sources */ = {isa = PBXBuildFile; fileRef = EF558FA124C87831002F43ED /* CDReaderManager.swift */; };
/* End PBXBuildFile section */

/* Begin PBXFileReference section */
		738A5D6E24BD99B200F140AB /* 最强特种兵王.txt */ = {isa = PBXFileReference; fileEncoding = 4; lastKnownFileType = text; path = "最强特种兵王.txt"; sourceTree = "<group>"; };
		738A5D6F24BD99B200F140AB /* 黑道特种兵 2.txt */ = {isa = PBXFileReference; fileEncoding = 4; lastKnownFileType = text; path = "黑道特种兵 2.txt"; sourceTree = "<group>"; };
		73D4AABC24BF1A2A00990F2A /* 上导航栏-背景@2x.png */ = {isa = PBXFileReference; lastKnownFileType = image.png; path = "上导航栏-背景@2x.png"; sourceTree = "<group>"; };
		73DF3ECF248FABE800A6A032 /* CDReader.app */ = {isa = PBXFileReference; explicitFileType = wrapper.application; includeInIndex = 0; path = CDReader.app; sourceTree = BUILT_PRODUCTS_DIR; };
		73DF3ED2248FABE800A6A032 /* AppDelegate.swift */ = {isa = PBXFileReference; lastKnownFileType = sourcecode.swift; path = AppDelegate.swift; sourceTree = "<group>"; };
		73DF3ED4248FABE800A6A032 /* SceneDelegate.swift */ = {isa = PBXFileReference; lastKnownFileType = sourcecode.swift; path = SceneDelegate.swift; sourceTree = "<group>"; };
		73DF3ED6248FABE800A6A032 /* ViewController.swift */ = {isa = PBXFileReference; lastKnownFileType = sourcecode.swift; path = ViewController.swift; sourceTree = "<group>"; };
		73DF3ED9248FABE800A6A032 /* Base */ = {isa = PBXFileReference; lastKnownFileType = file.storyboard; name = Base; path = Base.lproj/Main.storyboard; sourceTree = "<group>"; };
		73DF3EDB248FABEE00A6A032 /* Assets.xcassets */ = {isa = PBXFileReference; lastKnownFileType = folder.assetcatalog; path = Assets.xcassets; sourceTree = "<group>"; };
		73DF3EDE248FABEE00A6A032 /* Base */ = {isa = PBXFileReference; lastKnownFileType = file.storyboard; name = Base; path = Base.lproj/LaunchScreen.storyboard; sourceTree = "<group>"; };
		73DF3EE0248FABEE00A6A032 /* Info.plist */ = {isa = PBXFileReference; lastKnownFileType = text.plist.xml; path = Info.plist; sourceTree = "<group>"; };
		EF558F8924C87831002F43ED /* 字体-白-大@2x.png */ = {isa = PBXFileReference; lastKnownFileType = image.png; path = "字体-白-大@2x.png"; sourceTree = "<group>"; };
		EF558F8A24C87831002F43ED /* slider-黑@2x.png */ = {isa = PBXFileReference; lastKnownFileType = image.png; path = "slider-黑@2x.png"; sourceTree = "<group>"; };
		EF558F8B24C87831002F43ED /* slider-白@2x.png */ = {isa = PBXFileReference; lastKnownFileType = image.png; path = "slider-白@2x.png"; sourceTree = "<group>"; };
		EF558F8C24C87831002F43ED /* 字体-白-小@2x.png */ = {isa = PBXFileReference; lastKnownFileType = image.png; path = "字体-白-小@2x.png"; sourceTree = "<group>"; };
		EF558F8D24C87831002F43ED /* 字体 (1).png */ = {isa = PBXFileReference; lastKnownFileType = image.png; path = "字体 (1).png"; sourceTree = "<group>"; };
		EF558F8E24C87831002F43ED /* 右箭头-白@2x.png */ = {isa = PBXFileReference; lastKnownFileType = image.png; path = "右箭头-白@2x.png"; sourceTree = "<group>"; };
		EF558F8F24C87831002F43ED /* 右箭头-黑@2x.png */ = {isa = PBXFileReference; lastKnownFileType = image.png; path = "右箭头-黑@2x.png"; sourceTree = "<group>"; };
		EF558F9024C87831002F43ED /* 左箭头-黑@2x.png */ = {isa = PBXFileReference; lastKnownFileType = image.png; path = "左箭头-黑@2x.png"; sourceTree = "<group>"; };
		EF558F9124C87831002F43ED /* 左箭头-白@2x.png */ = {isa = PBXFileReference; lastKnownFileType = image.png; path = "左箭头-白@2x.png"; sourceTree = "<group>"; };
		EF558F9224C87831002F43ED /* 字体-黑-小@2x.png */ = {isa = PBXFileReference; lastKnownFileType = image.png; path = "字体-黑-小@2x.png"; sourceTree = "<group>"; };
		EF558F9324C87831002F43ED /* 目录-白@2x.png */ = {isa = PBXFileReference; lastKnownFileType = image.png; path = "目录-白@2x.png"; sourceTree = "<group>"; };
		EF558F9424C87831002F43ED /* 目录-黑@2x.png */ = {isa = PBXFileReference; lastKnownFileType = image.png; path = "目录-黑@2x.png"; sourceTree = "<group>"; };
		EF558F9524C87831002F43ED /* 亮度-白@2x.png */ = {isa = PBXFileReference; lastKnownFileType = image.png; path = "亮度-白@2x.png"; sourceTree = "<group>"; };
		EF558F9624C87831002F43ED /* 亮度-黑@2x.png */ = {isa = PBXFileReference; lastKnownFileType = image.png; path = "亮度-黑@2x.png"; sourceTree = "<group>"; };
		EF558F9724C87831002F43ED /* 字体-黑-大@2x.png */ = {isa = PBXFileReference; lastKnownFileType = image.png; path = "字体-黑-大@2x.png"; sourceTree = "<group>"; };
		EF558F9924C87831002F43ED /* CDReaderViewController.swift */ = {isa = PBXFileReference; fileEncoding = 4; lastKnownFileType = sourcecode.swift; path = CDReaderViewController.swift; sourceTree = "<group>"; };
		EF558F9A24C87831002F43ED /* CDReaderPageViewController.swift */ = {isa = PBXFileReference; fileEncoding = 4; lastKnownFileType = sourcecode.swift; path = CDReaderPageViewController.swift; sourceTree = "<group>"; };
		EF558F9B24C87831002F43ED /* CDReaderToolBar.swift */ = {isa = PBXFileReference; fileEncoding = 4; lastKnownFileType = sourcecode.swift; path = CDReaderToolBar.swift; sourceTree = "<group>"; };
		EF558F9C24C87831002F43ED /* CDChapterViewController.swift */ = {isa = PBXFileReference; fileEncoding = 4; lastKnownFileType = sourcecode.swift; path = CDChapterViewController.swift; sourceTree = "<group>"; };
		EF558F9E24C87831002F43ED /* CDReaderBean.swift */ = {isa = PBXFileReference; fileEncoding = 4; lastKnownFileType = sourcecode.swift; path = CDReaderBean.swift; sourceTree = "<group>"; };
		EF558FA124C87831002F43ED /* CDReaderManager.swift */ = {isa = PBXFileReference; fileEncoding = 4; lastKnownFileType = sourcecode.swift; path = CDReaderManager.swift; sourceTree = "<group>"; };
/* End PBXFileReference section */

/* Begin PBXFrameworksBuildPhase section */
		73DF3ECC248FABE800A6A032 /* Frameworks */ = {
			isa = PBXFrameworksBuildPhase;
			buildActionMask = 2147483647;
			files = (
			);
			runOnlyForDeploymentPostprocessing = 0;
		};
/* End PBXFrameworksBuildPhase section */

/* Begin PBXGroup section */
		73DF3EC6248FABE800A6A032 = {
			isa = PBXGroup;
			children = (
				73DF3ED1248FABE800A6A032 /* CDReader */,
				73DF3ED0248FABE800A6A032 /* Products */,
			);
			sourceTree = "<group>";
		};
		73DF3ED0248FABE800A6A032 /* Products */ = {
			isa = PBXGroup;
			children = (
				73DF3ECF248FABE800A6A032 /* CDReader.app */,
			);
			name = Products;
			sourceTree = "<group>";
		};
		73DF3ED1248FABE800A6A032 /* CDReader */ = {
			isa = PBXGroup;
			children = (
				EF558F8724C87831002F43ED /* Reader */,
				73D4AABC24BF1A2A00990F2A /* 上导航栏-背景@2x.png */,
				738A5D6F24BD99B200F140AB /* 黑道特种兵 2.txt */,
				738A5D6E24BD99B200F140AB /* 最强特种兵王.txt */,
				73DF3ED2248FABE800A6A032 /* AppDelegate.swift */,
				73DF3ED4248FABE800A6A032 /* SceneDelegate.swift */,
				73DF3ED6248FABE800A6A032 /* ViewController.swift */,
				73DF3ED8248FABE800A6A032 /* Main.storyboard */,
				73DF3EDB248FABEE00A6A032 /* Assets.xcassets */,
				73DF3EDD248FABEE00A6A032 /* LaunchScreen.storyboard */,
				73DF3EE0248FABEE00A6A032 /* Info.plist */,
			);
			path = CDReader;
			sourceTree = "<group>";
		};
		EF558F8724C87831002F43ED /* Reader */ = {
			isa = PBXGroup;
			children = (
				EF558F8824C87831002F43ED /* image */,
				EF558F9824C87831002F43ED /* controller */,
				EF558F9D24C87831002F43ED /* model */,
			);
			path = Reader;
			sourceTree = "<group>";
		};
		EF558F8824C87831002F43ED /* image */ = {
			isa = PBXGroup;
			children = (
				EF558F8924C87831002F43ED /* 字体-白-大@2x.png */,
				EF558F8A24C87831002F43ED /* slider-黑@2x.png */,
				EF558F8B24C87831002F43ED /* slider-白@2x.png */,
				EF558F8C24C87831002F43ED /* 字体-白-小@2x.png */,
				EF558F8D24C87831002F43ED /* 字体 (1).png */,
				EF558F8E24C87831002F43ED /* 右箭头-白@2x.png */,
				EF558F8F24C87831002F43ED /* 右箭头-黑@2x.png */,
				EF558F9024C87831002F43ED /* 左箭头-黑@2x.png */,
				EF558F9124C87831002F43ED /* 左箭头-白@2x.png */,
				EF558F9224C87831002F43ED /* 字体-黑-小@2x.png */,
				EF558F9324C87831002F43ED /* 目录-白@2x.png */,
				EF558F9424C87831002F43ED /* 目录-黑@2x.png */,
				EF558F9524C87831002F43ED /* 亮度-白@2x.png */,
				EF558F9624C87831002F43ED /* 亮度-黑@2x.png */,
				EF558F9724C87831002F43ED /* 字体-黑-大@2x.png */,
			);
			path = image;
			sourceTree = "<group>";
		};
		EF558F9824C87831002F43ED /* controller */ = {
			isa = PBXGroup;
			children = (
				EF558F9924C87831002F43ED /* CDReaderViewController.swift */,
				EF558F9A24C87831002F43ED /* CDReaderPageViewController.swift */,
				EF558F9B24C87831002F43ED /* CDReaderToolBar.swift */,
				EF558F9C24C87831002F43ED /* CDChapterViewController.swift */,
			);
			path = controller;
			sourceTree = "<group>";
		};
		EF558F9D24C87831002F43ED /* model */ = {
			isa = PBXGroup;
			children = (
				EF558F9E24C87831002F43ED /* CDReaderBean.swift */,
				EF558FA124C87831002F43ED /* CDReaderManager.swift */,
			);
			path = model;
			sourceTree = "<group>";
		};
/* End PBXGroup section */

/* Begin PBXNativeTarget section */
		73DF3ECE248FABE800A6A032 /* CDReader */ = {
			isa = PBXNativeTarget;
			buildConfigurationList = 73DF3EE3248FABEE00A6A032 /* Build configuration list for PBXNativeTarget "CDReader" */;
			buildPhases = (
				73DF3ECB248FABE800A6A032 /* Sources */,
				73DF3ECC248FABE800A6A032 /* Frameworks */,
				73DF3ECD248FABE800A6A032 /* Resources */,
			);
			buildRules = (
			);
			dependencies = (
			);
			name = CDReader;
			productName = CDReader;
			productReference = 73DF3ECF248FABE800A6A032 /* CDReader.app */;
			productType = "com.apple.product-type.application";
		};
/* End PBXNativeTarget section */

/* Begin PBXProject section */
		73DF3EC7248FABE800A6A032 /* Project object */ = {
			isa = PBXProject;
			attributes = {
				LastSwiftUpdateCheck = 1130;
				LastUpgradeCheck = 1130;
				ORGANIZATIONNAME = "(c) Huawei Technologies Co., Ltd. 2012-2019.";
				TargetAttributes = {
					73DF3ECE248FABE800A6A032 = {
						CreatedOnToolsVersion = 11.3;
					};
				};
			};
			buildConfigurationList = 73DF3ECA248FABE800A6A032 /* Build configuration list for PBXProject "CDReader" */;
			compatibilityVersion = "Xcode 9.3";
			developmentRegion = en;
			hasScannedForEncodings = 0;
			knownRegions = (
				en,
				Base,
			);
			mainGroup = 73DF3EC6248FABE800A6A032;
			productRefGroup = 73DF3ED0248FABE800A6A032 /* Products */;
			projectDirPath = "";
			projectRoot = "";
			targets = (
				73DF3ECE248FABE800A6A032 /* CDReader */,
			);
		};
/* End PBXProject section */

/* Begin PBXResourcesBuildPhase section */
		73DF3ECD248FABE800A6A032 /* Resources */ = {
			isa = PBXResourcesBuildPhase;
			buildActionMask = 2147483647;
			files = (
				738A5D7024BD99B200F140AB /* 最强特种兵王.txt in Resources */,
				EF558FAD24C87831002F43ED /* 目录-黑@2x.png in Resources */,
				EF558FAA24C87831002F43ED /* 左箭头-白@2x.png in Resources */,
				EF558FA624C87831002F43ED /* 字体 (1).png in Resources */,
				EF558FA224C87831002F43ED /* 字体-白-大@2x.png in Resources */,
				EF558FAC24C87831002F43ED /* 目录-白@2x.png in Resources */,
				73D4AABD24BF1A2A00990F2A /* 上导航栏-背景@2x.png in Resources */,
				EF558FB024C87831002F43ED /* 字体-黑-大@2x.png in Resources */,
				EF558FA824C87831002F43ED /* 右箭头-黑@2x.png in Resources */,
				EF558FA424C87831002F43ED /* slider-白@2x.png in Resources */,
				EF558FAE24C87831002F43ED /* 亮度-白@2x.png in Resources */,
				EF558FA524C87831002F43ED /* 字体-白-小@2x.png in Resources */,
				73DF3EDF248FABEE00A6A032 /* LaunchScreen.storyboard in Resources */,
				EF558FA924C87831002F43ED /* 左箭头-黑@2x.png in Resources */,
				EF558FA724C87831002F43ED /* 右箭头-白@2x.png in Resources */,
				EF558FAF24C87831002F43ED /* 亮度-黑@2x.png in Resources */,
				738A5D7124BD99B200F140AB /* 黑道特种兵 2.txt in Resources */,
				EF558FA324C87831002F43ED /* slider-黑@2x.png in Resources */,
				73DF3EDC248FABEE00A6A032 /* Assets.xcassets in Resources */,
				EF558FAB24C87831002F43ED /* 字体-黑-小@2x.png in Resources */,
				73DF3EDA248FABE800A6A032 /* Main.storyboard in Resources */,
			);
			runOnlyForDeploymentPostprocessing = 0;
		};
/* End PBXResourcesBuildPhase section */

/* Begin PBXSourcesBuildPhase section */
		73DF3ECB248FABE800A6A032 /* Sources */ = {
			isa = PBXSourcesBuildPhase;
			buildActionMask = 2147483647;
			files = (
				EF558FB124C87831002F43ED /* CDReaderViewController.swift in Sources */,
				EF558FB324C87831002F43ED /* CDReaderToolBar.swift in Sources */,
				EF558FB224C87831002F43ED /* CDReaderPageViewController.swift in Sources */,
				73DF3ED7248FABE800A6A032 /* ViewController.swift in Sources */,
				EF558FB424C87831002F43ED /* CDChapterViewController.swift in Sources */,
				EF558FB524C87831002F43ED /* CDReaderBean.swift in Sources */,
				73DF3ED3248FABE800A6A032 /* AppDelegate.swift in Sources */,
				73DF3ED5248FABE800A6A032 /* SceneDelegate.swift in Sources */,
				EF558FB824C87831002F43ED /* CDReaderManager.swift in Sources */,
			);
			runOnlyForDeploymentPostprocessing = 0;
		};
/* End PBXSourcesBuildPhase section */

/* Begin PBXVariantGroup section */
		73DF3ED8248FABE800A6A032 /* Main.storyboard */ = {
			isa = PBXVariantGroup;
			children = (
				73DF3ED9248FABE800A6A032 /* Base */,
			);
			name = Main.storyboard;
			sourceTree = "<group>";
		};
		73DF3EDD248FABEE00A6A032 /* LaunchScreen.storyboard */ = {
			isa = PBXVariantGroup;
			children = (
				73DF3EDE248FABEE00A6A032 /* Base */,
			);
			name = LaunchScreen.storyboard;
			sourceTree = "<group>";
		};
/* End PBXVariantGroup section */

/* Begin XCBuildConfiguration section */
		73DF3EE1248FABEE00A6A032 /* Debug */ = {
			isa = XCBuildConfiguration;
			buildSettings = {
				ALWAYS_SEARCH_USER_PATHS = NO;
				CLANG_ANALYZER_NONNULL = YES;
				CLANG_ANALYZER_NUMBER_OBJECT_CONVERSION = YES_AGGRESSIVE;
				CLANG_CXX_LANGUAGE_STANDARD = "gnu++14";
				CLANG_CXX_LIBRARY = "libc++";
				CLANG_ENABLE_MODULES = YES;
				CLANG_ENABLE_OBJC_ARC = YES;
				CLANG_ENABLE_OBJC_WEAK = YES;
				CLANG_WARN_BLOCK_CAPTURE_AUTORELEASING = YES;
				CLANG_WARN_BOOL_CONVERSION = YES;
				CLANG_WARN_COMMA = YES;
				CLANG_WARN_CONSTANT_CONVERSION = YES;
				CLANG_WARN_DEPRECATED_OBJC_IMPLEMENTATIONS = YES;
				CLANG_WARN_DIRECT_OBJC_ISA_USAGE = YES_ERROR;
				CLANG_WARN_DOCUMENTATION_COMMENTS = YES;
				CLANG_WARN_EMPTY_BODY = YES;
				CLANG_WARN_ENUM_CONVERSION = YES;
				CLANG_WARN_INFINITE_RECURSION = YES;
				CLANG_WARN_INT_CONVERSION = YES;
				CLANG_WARN_NON_LITERAL_NULL_CONVERSION = YES;
				CLANG_WARN_OBJC_IMPLICIT_RETAIN_SELF = YES;
				CLANG_WARN_OBJC_LITERAL_CONVERSION = YES;
				CLANG_WARN_OBJC_ROOT_CLASS = YES_ERROR;
				CLANG_WARN_RANGE_LOOP_ANALYSIS = YES;
				CLANG_WARN_STRICT_PROTOTYPES = YES;
				CLANG_WARN_SUSPICIOUS_MOVE = YES;
				CLANG_WARN_UNGUARDED_AVAILABILITY = YES_AGGRESSIVE;
				CLANG_WARN_UNREACHABLE_CODE = YES;
				CLANG_WARN__DUPLICATE_METHOD_MATCH = YES;
				COPY_PHASE_STRIP = NO;
				DEBUG_INFORMATION_FORMAT = dwarf;
				ENABLE_STRICT_OBJC_MSGSEND = YES;
				ENABLE_TESTABILITY = YES;
				GCC_C_LANGUAGE_STANDARD = gnu11;
				GCC_DYNAMIC_NO_PIC = NO;
				GCC_NO_COMMON_BLOCKS = YES;
				GCC_OPTIMIZATION_LEVEL = 0;
				GCC_PREPROCESSOR_DEFINITIONS = (
					"DEBUG=1",
					"$(inherited)",
				);
				GCC_WARN_64_TO_32_BIT_CONVERSION = YES;
				GCC_WARN_ABOUT_RETURN_TYPE = YES_ERROR;
				GCC_WARN_UNDECLARED_SELECTOR = YES;
				GCC_WARN_UNINITIALIZED_AUTOS = YES_AGGRESSIVE;
				GCC_WARN_UNUSED_FUNCTION = YES;
				GCC_WARN_UNUSED_VARIABLE = YES;
				IPHONEOS_DEPLOYMENT_TARGET = 13.2;
				MTL_ENABLE_DEBUG_INFO = INCLUDE_SOURCE;
				MTL_FAST_MATH = YES;
				ONLY_ACTIVE_ARCH = YES;
				SDKROOT = iphoneos;
				SWIFT_ACTIVE_COMPILATION_CONDITIONS = DEBUG;
				SWIFT_OPTIMIZATION_LEVEL = "-Onone";
			};
			name = Debug;
		};
		73DF3EE2248FABEE00A6A032 /* Release */ = {
			isa = XCBuildConfiguration;
			buildSettings = {
				ALWAYS_SEARCH_USER_PATHS = NO;
				CLANG_ANALYZER_NONNULL = YES;
				CLANG_ANALYZER_NUMBER_OBJECT_CONVERSION = YES_AGGRESSIVE;
				CLANG_CXX_LANGUAGE_STANDARD = "gnu++14";
				CLANG_CXX_LIBRARY = "libc++";
				CLANG_ENABLE_MODULES = YES;
				CLANG_ENABLE_OBJC_ARC = YES;
				CLANG_ENABLE_OBJC_WEAK = YES;
				CLANG_WARN_BLOCK_CAPTURE_AUTORELEASING = YES;
				CLANG_WARN_BOOL_CONVERSION = YES;
				CLANG_WARN_COMMA = YES;
				CLANG_WARN_CONSTANT_CONVERSION = YES;
				CLANG_WARN_DEPRECATED_OBJC_IMPLEMENTATIONS = YES;
				CLANG_WARN_DIRECT_OBJC_ISA_USAGE = YES_ERROR;
				CLANG_WARN_DOCUMENTATION_COMMENTS = YES;
				CLANG_WARN_EMPTY_BODY = YES;
				CLANG_WARN_ENUM_CONVERSION = YES;
				CLANG_WARN_INFINITE_RECURSION = YES;
				CLANG_WARN_INT_CONVERSION = YES;
				CLANG_WARN_NON_LITERAL_NULL_CONVERSION = YES;
				CLANG_WARN_OBJC_IMPLICIT_RETAIN_SELF = YES;
				CLANG_WARN_OBJC_LITERAL_CONVERSION = YES;
				CLANG_WARN_OBJC_ROOT_CLASS = YES_ERROR;
				CLANG_WARN_RANGE_LOOP_ANALYSIS = YES;
				CLANG_WARN_STRICT_PROTOTYPES = YES;
				CLANG_WARN_SUSPICIOUS_MOVE = YES;
				CLANG_WARN_UNGUARDED_AVAILABILITY = YES_AGGRESSIVE;
				CLANG_WARN_UNREACHABLE_CODE = YES;
				CLANG_WARN__DUPLICATE_METHOD_MATCH = YES;
				COPY_PHASE_STRIP = NO;
				DEBUG_INFORMATION_FORMAT = "dwarf-with-dsym";
				ENABLE_NS_ASSERTIONS = NO;
				ENABLE_STRICT_OBJC_MSGSEND = YES;
				GCC_C_LANGUAGE_STANDARD = gnu11;
				GCC_NO_COMMON_BLOCKS = YES;
				GCC_WARN_64_TO_32_BIT_CONVERSION = YES;
				GCC_WARN_ABOUT_RETURN_TYPE = YES_ERROR;
				GCC_WARN_UNDECLARED_SELECTOR = YES;
				GCC_WARN_UNINITIALIZED_AUTOS = YES_AGGRESSIVE;
				GCC_WARN_UNUSED_FUNCTION = YES;
				GCC_WARN_UNUSED_VARIABLE = YES;
				IPHONEOS_DEPLOYMENT_TARGET = 13.2;
				MTL_ENABLE_DEBUG_INFO = NO;
				MTL_FAST_MATH = YES;
				SDKROOT = iphoneos;
				SWIFT_COMPILATION_MODE = wholemodule;
				SWIFT_OPTIMIZATION_LEVEL = "-O";
				VALIDATE_PRODUCT = YES;
			};
			name = Release;
		};
		73DF3EE4248FABEE00A6A032 /* Debug */ = {
			isa = XCBuildConfiguration;
			buildSettings = {
				ASSETCATALOG_COMPILER_APPICON_NAME = AppIcon;
				CODE_SIGN_STYLE = Automatic;
				DEVELOPMENT_TEAM = DYB9KKF89M;
				INFOPLIST_FILE = CDReader/Info.plist;
				LD_RUNPATH_SEARCH_PATHS = (
					"$(inherited)",
					"@executable_path/Frameworks",
				);
				PRODUCT_BUNDLE_IDENTIFIER = hw.CDReader;
				PRODUCT_NAME = "$(TARGET_NAME)";
				SWIFT_VERSION = 5.0;
				TARGETED_DEVICE_FAMILY = "1,2";
			};
			name = Debug;
		};
		73DF3EE5248FABEE00A6A032 /* Release */ = {
			isa = XCBuildConfiguration;
			buildSettings = {
				ASSETCATALOG_COMPILER_APPICON_NAME = AppIcon;
				CODE_SIGN_STYLE = Automatic;
				DEVELOPMENT_TEAM = DYB9KKF89M;
				INFOPLIST_FILE = CDReader/Info.plist;
				LD_RUNPATH_SEARCH_PATHS = (
					"$(inherited)",
					"@executable_path/Frameworks",
				);
				PRODUCT_BUNDLE_IDENTIFIER = hw.CDReader;
				PRODUCT_NAME = "$(TARGET_NAME)";
				SWIFT_VERSION = 5.0;
				TARGETED_DEVICE_FAMILY = "1,2";
			};
			name = Release;
		};
/* End XCBuildConfiguration section */

/* Begin XCConfigurationList section */
		73DF3ECA248FABE800A6A032 /* Build configuration list for PBXProject "CDReader" */ = {
			isa = XCConfigurationList;
			buildConfigurations = (
				73DF3EE1248FABEE00A6A032 /* Debug */,
				73DF3EE2248FABEE00A6A032 /* Release */,
			);
			defaultConfigurationIsVisible = 0;
			defaultConfigurationName = Release;
		};
		73DF3EE3248FABEE00A6A032 /* Build configuration list for PBXNativeTarget "CDReader" */ = {
			isa = XCConfigurationList;
			buildConfigurations = (
				73DF3EE4248FABEE00A6A032 /* Debug */,
				73DF3EE5248FABEE00A6A032 /* Release */,
			);
			defaultConfigurationIsVisible = 0;
			defaultConfigurationName = Release;
		};
/* End XCConfigurationList section */
	};
	rootObject = 73DF3EC7248FABE800A6A032 /* Project object */;
}
